Microsoft Visual Studio Solution File, Format Version 12.00
# Visual Studio 15
VisualStudioVersion = 15.0.26124.0
MinimumVisualStudioVersion = 10.0.40219.1
Project("{FAE04EC0-301F-11D3-BF4B-00C04F79EFBC}") = "Info", "Info\\Info.csproj", "{8FD49FDC-B868-4349-B689-6D3F04AEBE2F}"
EndProject
Project("{FAE04EC0-301F-11D3-BF4B-00C04F79EFBC}") = "Dac", "Dac\\Dac.csproj", "{5B73B53B-DF95-4E0E-95EF-01CF64C3FEDD}"
EndProject
Project("{FAE04EC0-301F-11D3-BF4B-00C04F79EFBC}") = "Biz", "Biz\\Biz.csproj", "{AB2F745E-137A-4F72-869F-30AFDB2030C0}"
EndProject
Project("{FAE04EC0-301F-11D3-BF4B-00C04F79EFBC}") = "WebApi", "WebApi\\WebApi.csproj", "{3D7DEF89-102B-4F4C-88E9-DCF6328DE0AF}"
EndProject
Global
    GlobalSection(SolutionConfigurationPlatforms) = preSolution
        Debug|Any CPU = Debug|Any CPU
        Release|Any CPU = Release|Any CPU
    EndGlobalSection
    GlobalSection(ProjectConfigurationPlatforms) = postSolution
        {8FD49FDC-B868-4349-B689-6D3F04AEBE2F}.Debug|Any CPU.ActiveCfg = Debug|Any CPU
        {8FD49FDC-B868-4349-B689-6D3F04AEBE2F}.Debug|Any CPU.Build.0 = Debug|Any CPU
        {8FD49FDC-B868-4349-B689-6D3F04AEBE2F}.Release|Any CPU.ActiveCfg = Release|Any CPU
        {8FD49FDC-B868-4349-B689-6D3F04AEBE2F}.Release|Any CPU.Build.0 = Release|Any CPU
        {5B73B53B-DF95-4E0E-95EF-01CF64C3FEDD}.Debug|Any CPU.ActiveCfg = Debug|Any CPU
        {5B73B53B-DF95-4E0E-95EF-01CF64C3FEDD}.Debug|Any CPU.Build.0 = Debug|Any CPU
        {5B73B53B-DF95-4E0E-95EF-01CF64C3FEDD}.Release|Any CPU.ActiveCfg = Release|Any CPU
        {5B73B53B-DF95-4E0E-95EF-01CF64C3FEDD}.Release|Any CPU.Build.0 = Release|Any CPU
        {AB2F745E-137A-4F72-869F-30AFDB2030C0}.Debug|Any CPU.ActiveCfg = Debug|Any CPU
        {AB2F745E-137A-4F72-869F-30AFDB2030C0}.Debug|Any CPU.Build.0 = Debug|Any CPU
        {AB2F745E-137A-4F72-869F-30AFDB2030C0}.Release|Any CPU.ActiveCfg = Release|Any CPU
        {AB2F745E-137A-4F72-869F-30AFDB2030C0}.Release|Any CPU.Build.0 = Release|Any CPU
        {3D7DEF89-102B-4F4C-88E9-DCF6328DE0AF}.Debug|Any CPU.ActiveCfg = Debug|Any CPU
        {3D7DEF89-102B-4F4C-88E9-DCF6328DE0AF}.Debug|Any CPU.Build.0 = Debug|Any CPU
        {3D7DEF89-102B-4F4C-88E9-DCF6328DE0AF}.Release|Any CPU.ActiveCfg = Release|Any CPU
        {3D7DEF89-102B-4F4C-88E9-DCF6328DE0AF}.Release|Any CPU.Build.0 = Release|Any CPU
    EndGlobalSection
EndGlobal
